
Microsoft Visual Studio Solution File, Format Version 12.00
# Visual Studio Version 17
VisualStudioVersion = 17.1.32210.238
MinimumVisualStudioVersion = 10.0.40219.1
Project("{FAE04EC0-301F-11D3-BF4B-00C04F79EFBC}") = "WebApiCodeBaseToken", "WebApiCodeBaseToken\WebApiCodeBaseToken.csproj", "{C64DE925-AB47-4B8C-9AF1-AAB6EFEF271A}"
EndProject
Global
	GlobalSection(SolutionConfigurationPlatforms) = preSolution
		Debug|Any CPU = Debug|Any CPU
		Release|Any CPU = Release|Any CPU
	EndGlobalSection
	GlobalSection(ProjectConfigurationPlatforms) = postSolution
		{C64DE925-AB47-4B8C-9AF1-AAB6EFEF271A}.Debug|Any CPU.ActiveCfg = Debug|Any CPU
		{C64DE925-AB47-4B8C-9AF1-AAB6EFEF271A}.Debug|Any CPU.Build.0 = Debug|Any CPU
		{C64DE925-AB47-4B8C-9AF1-AAB6EFEF271A}.Release|Any CPU.ActiveCfg = Release|Any CPU
		{C64DE925-AB47-4B8C-9AF1-AAB6EFEF271A}.Release|Any CPU.Build.0 = Release|Any CPU
	EndGlobalSection
	GlobalSection(SolutionProperties) = preSolution
		HideSolutionNode = FALSE
	EndGlobalSection
	GlobalSection(ExtensibilityGlobals) = postSolution
		SolutionGuid = {B8BA4CD2-C516-47B1-B645-AF92886FDDB2}
	EndGlobalSection
EndGlobal
